
Microsoft Visual Studio Solution File, Format Version 12.00
# Visual Studio 2013
VisualStudioVersion = 12.0.20827.3
MinimumVisualStudioVersion = 10.0.40219.1
Project("{FAE04EC0-301F-11D3-BF4B-00C04F79EFBC}") = "CrestParser", "CrestParser\CrestParser.csproj", "{0AAB9927-7938-4121-A0C0-BD7C9E12D60F}"
EndProject
Project("{FAE04EC0-301F-11D3-BF4B-00C04F79EFBC}") = "CrestParser.Test", "CrestParser.Test\CrestParser.Test.csproj", "{AA3A5C04-EC79-43D9-B97F-7F4BB457E41E}"
EndProject
Global
	GlobalSection(SolutionConfigurationPlatforms) = preSolution
		Debug|Any CPU = Debug|Any CPU
		Release|Any CPU = Release|Any CPU
	EndGlobalSection
	GlobalSection(ProjectConfigurationPlatforms) = postSolution
		{0AAB9927-7938-4121-A0C0-BD7C9E12D60F}.Debug|Any CPU.ActiveCfg = Debug|Any CPU
		{0AAB9927-7938-4121-A0C0-BD7C9E12D60F}.Debug|Any CPU.Build.0 = Debug|Any CPU
		{0AAB9927-7938-4121-A0C0-BD7C9E12D60F}.Release|Any CPU.ActiveCfg = Release|Any CPU
		{0AAB9927-7938-4121-A0C0-BD7C9E12D60F}.Release|Any CPU.Build.0 = Release|Any CPU
		{AA3A5C04-EC79-43D9-B97F-7F4BB457E41E}.Debug|Any CPU.ActiveCfg = Debug|Any CPU
		{AA3A5C04-EC79-43D9-B97F-7F4BB457E41E}.Debug|Any CPU.Build.0 = Debug|Any CPU
		{AA3A5C04-EC79-43D9-B97F-7F4BB457E41E}.Release|Any CPU.ActiveCfg = Release|Any CPU
		{AA3A5C04-EC79-43D9-B97F-7F4BB457E41E}.Release|Any CPU.Build.0 = Release|Any CPU
	EndGlobalSection
	GlobalSection(SolutionProperties) = preSolution
		HideSolutionNode = FALSE
	EndGlobalSection
EndGlobal
